
Microsoft Visual Studio Solution File, Format Version 12.00
# Visual Studio Version 17
VisualStudioVersion = 17.5.002.0
MinimumVisualStudioVersion = 10.0.40219.1
Project("{9A19103F-16F7-4668-BE54-9A1E7A4F7556}") = "LibraryBox", "LibraryBox\LibraryBox.csproj", "{9D69668D-F8FF-4E75-88C8-5A36BA940D81}"
EndProject
Project("{FAE04EC0-301F-11D3-BF4B-00C04F79EFBC}") = "LibraryBox.Web", "LibraryBox.Web\LibraryBox.Web.csproj", "{33D228CE-E48A-48D8-A95C-8CAA1BC6FA7C}"
EndProject
Project("{FAE04EC0-301F-11D3-BF4B-00C04F79EFBC}") = "LibraryBox.ServiceDefaults", "LibraryBox.ServiceDefaults\LibraryBox.ServiceDefaults.csproj", "{17CA00CC-3C12-41BB-867F-004C7D594920}"
EndProject
Project("{FAE04EC0-301F-11D3-BF4B-00C04F79EFBC}") = "LibraryBox.AppHost", "LibraryBox.AppHost\LibraryBox.AppHost.csproj", "{EE3D014B-458A-4B4C-A16C-A94D7010488A}"
EndProject
Global
	GlobalSection(SolutionConfigurationPlatforms) = preSolution
		Debug|Any CPU = Debug|Any CPU
		Release|Any CPU = Release|Any CPU
	EndGlobalSection
	GlobalSection(ProjectConfigurationPlatforms) = postSolution
		{9D69668D-F8FF-4E75-88C8-5A36BA940D81}.Debug|Any CPU.ActiveCfg = Debug|Any CPU
		{9D69668D-F8FF-4E75-88C8-5A36BA940D81}.Debug|Any CPU.Build.0 = Debug|Any CPU
		{9D69668D-F8FF-4E75-88C8-5A36BA940D81}.Release|Any CPU.ActiveCfg = Release|Any CPU
		{9D69668D-F8FF-4E75-88C8-5A36BA940D81}.Release|Any CPU.Build.0 = Release|Any CPU
		{33D228CE-E48A-48D8-A95C-8CAA1BC6FA7C}.Debug|Any CPU.ActiveCfg = Debug|Any CPU
		{33D228CE-E48A-48D8-A95C-8CAA1BC6FA7C}.Debug|Any CPU.Build.0 = Debug|Any CPU
		{33D228CE-E48A-48D8-A95C-8CAA1BC6FA7C}.Release|Any CPU.ActiveCfg = Release|Any CPU
		{33D228CE-E48A-48D8-A95C-8CAA1BC6FA7C}.Release|Any CPU.Build.0 = Release|Any CPU
		{17CA00CC-3C12-41BB-867F-004C7D594920}.Debug|Any CPU.ActiveCfg = Debug|Any CPU
		{17CA00CC-3C12-41BB-867F-004C7D594920}.Debug|Any CPU.Build.0 = Debug|Any CPU
		{17CA00CC-3C12-41BB-867F-004C7D594920}.Release|Any CPU.ActiveCfg = Release|Any CPU
		{17CA00CC-3C12-41BB-867F-004C7D594920}.Release|Any CPU.Build.0 = Release|Any CPU
		{EE3D014B-458A-4B4C-A16C-A94D7010488A}.Debug|Any CPU.ActiveCfg = Debug|Any CPU
		{EE3D014B-458A-4B4C-A16C-A94D7010488A}.Debug|Any CPU.Build.0 = Debug|Any CPU
		{EE3D014B-458A-4B4C-A16C-A94D7010488A}.Release|Any CPU.ActiveCfg = Release|Any CPU
		{EE3D014B-458A-4B4C-A16C-A94D7010488A}.Release|Any CPU.Build.0 = Release|Any CPU
	EndGlobalSection
	GlobalSection(SolutionProperties) = preSolution
		HideSolutionNode = FALSE
	EndGlobalSection
	GlobalSection(ExtensibilityGlobals) = postSolution
		SolutionGuid = {3ACC10C3-2361-4F3E-A3DE-03E7F4213807}
	EndGlobalSection
EndGlobal
